{
  "name": "@hzw-dev/core",
  "version": "1.0.4",
  "lockfileVersion": 2,
  "requires": true,
  "packages": {
    "": {
      "name": "@hzw-dev/core",
      "version": "1.0.4",
      "license": "MIT",
      "dependencies": {
        "@hzw-dev/utils": "file:../utils"
      },
      "bin": {
        "hzw-dev": "bin/index.js"
      }
    },
    "../utils": {
      "version": "1.0.4",
      "license": "MIT"
    },
    "node_modules/@hzw-dev/utils": {
      "resolved": "../utils",
      "link": true
    }
  },
  "dependencies": {
    "@hzw-dev/utils": {
      "version": "file:../utils"
    }
  }
}
